
Microsoft Visual Studio Solution File, Format Version 12.00
# Visual Studio 15
VisualStudioVersion = 15.0.25914.0
MinimumVisualStudioVersion = 10.0.40219.1
Project("{9A19103F-16F7-4668-BE54-9A1E7A4F7556}") = "Patronage17.Console", "Patronage17.Console\Patronage17.Console.csproj", "{1E35BA0E-9BFE-4B3B-953B-C275A6BBE37D}"
EndProject
Project("{9A19103F-16F7-4668-BE54-9A1E7A4F7556}") = "Patronage17.Engine", "Patronage17.Engine\Patronage17.Engine.csproj", "{F026EF8D-FF9D-41BF-8D9B-25AAA3A7F39B}"
EndProject
Global
	GlobalSection(SolutionConfigurationPlatforms) = preSolution
		Debug|Any CPU = Debug|Any CPU
		Debug|x64 = Debug|x64
		Debug|x86 = Debug|x86
		Release|Any CPU = Release|Any CPU
		Release|x64 = Release|x64
		Release|x86 = Release|x86
	EndGlobalSection
	GlobalSection(ProjectConfigurationPlatforms) = postSolution
		{1E35BA0E-9BFE-4B3B-953B-C275A6BBE37D}.Debug|Any CPU.ActiveCfg = Debug|Any CPU
		{1E35BA0E-9BFE-4B3B-953B-C275A6BBE37D}.Debug|Any CPU.Build.0 = Debug|Any CPU
		{1E35BA0E-9BFE-4B3B-953B-C275A6BBE37D}.Debug|x64.ActiveCfg = Debug|Any CPU
		{1E35BA0E-9BFE-4B3B-953B-C275A6BBE37D}.Debug|x64.Build.0 = Debug|Any CPU
		{1E35BA0E-9BFE-4B3B-953B-C275A6BBE37D}.Debug|x86.ActiveCfg = Debug|Any CPU
		{1E35BA0E-9BFE-4B3B-953B-C275A6BBE37D}.Debug|x86.Build.0 = Debug|Any CPU
		{1E35BA0E-9BFE-4B3B-953B-C275A6BBE37D}.Release|Any CPU.ActiveCfg = Debug|Any CPU
		{1E35BA0E-9BFE-4B3B-953B-C275A6BBE37D}.Release|Any CPU.Build.0 = Debug|Any CPU
		{1E35BA0E-9BFE-4B3B-953B-C275A6BBE37D}.Release|x64.ActiveCfg = Debug|Any CPU
		{1E35BA0E-9BFE-4B3B-953B-C275A6BBE37D}.Release|x64.Build.0 = Debug|Any CPU
		{1E35BA0E-9BFE-4B3B-953B-C275A6BBE37D}.Release|x86.ActiveCfg = Debug|Any CPU
		{1E35BA0E-9BFE-4B3B-953B-C275A6BBE37D}.Release|x86.Build.0 = Debug|Any CPU
		{F026EF8D-FF9D-41BF-8D9B-25AAA3A7F39B}.Debug|Any CPU.ActiveCfg = Debug|Any CPU
		{F026EF8D-FF9D-41BF-8D9B-25AAA3A7F39B}.Debug|Any CPU.Build.0 = Debug|Any CPU
		{F026EF8D-FF9D-41BF-8D9B-25AAA3A7F39B}.Debug|x64.ActiveCfg = Debug|Any CPU
		{F026EF8D-FF9D-41BF-8D9B-25AAA3A7F39B}.Debug|x64.Build.0 = Debug|Any CPU
		{F026EF8D-FF9D-41BF-8D9B-25AAA3A7F39B}.Debug|x86.ActiveCfg = Debug|Any CPU
		{F026EF8D-FF9D-41BF-8D9B-25AAA3A7F39B}.Debug|x86.Build.0 = Debug|Any CPU
		{F026EF8D-FF9D-41BF-8D9B-25AAA3A7F39B}.Release|Any CPU.ActiveCfg = Debug|Any CPU
		{F026EF8D-FF9D-41BF-8D9B-25AAA3A7F39B}.Release|Any CPU.Build.0 = Debug|Any CPU
		{F026EF8D-FF9D-41BF-8D9B-25AAA3A7F39B}.Release|x64.ActiveCfg = Debug|Any CPU
		{F026EF8D-FF9D-41BF-8D9B-25AAA3A7F39B}.Release|x64.Build.0 = Debug|Any CPU
		{F026EF8D-FF9D-41BF-8D9B-25AAA3A7F39B}.Release|x86.ActiveCfg = Debug|Any CPU
		{F026EF8D-FF9D-41BF-8D9B-25AAA3A7F39B}.Release|x86.Build.0 = Debug|Any CPU
	EndGlobalSection
	GlobalSection(SolutionProperties) = preSolution
		HideSolutionNode = FALSE
	EndGlobalSection
EndGlobal
